
Microsoft Visual Studio Solution File, Format Version 12.00
# Visual Studio Version 17
VisualStudioVersion = 17.13.35931.197 d17.13
MinimumVisualStudioVersion = 10.0.40219.1
Project("{FAE04EC0-301F-11D3-BF4B-00C04F79EFBC}") = "Recept", "Recept\Recept.csproj", "{AA523D04-A075-4959-BD8A-6790DF317784}"
EndProject
Global
	GlobalSection(SolutionConfigurationPlatforms) = preSolution
		Debug|Any CPU = Debug|Any CPU
		Release|Any CPU = Release|Any CPU
	EndGlobalSection
	GlobalSection(ProjectConfigurationPlatforms) = postSolution
		{AA523D04-A075-4959-BD8A-6790DF317784}.Debug|Any CPU.ActiveCfg = Debug|Any CPU
		{AA523D04-A075-4959-BD8A-6790DF317784}.Debug|Any CPU.Build.0 = Debug|Any CPU
		{AA523D04-A075-4959-BD8A-6790DF317784}.Release|Any CPU.ActiveCfg = Release|Any CPU
		{AA523D04-A075-4959-BD8A-6790DF317784}.Release|Any CPU.Build.0 = Release|Any CPU
	EndGlobalSection
	GlobalSection(SolutionProperties) = preSolution
		HideSolutionNode = FALSE
	EndGlobalSection
	GlobalSection(ExtensibilityGlobals) = postSolution
		SolutionGuid = {4A667C28-70BC-47B4-B3E1-0582B987E058}
	EndGlobalSection
EndGlobal
